
Microsoft Visual Studio Solution File, Format Version 12.00
# Visual Studio Version 17
VisualStudioVersion = 17.8.34309.116
MinimumVisualStudioVersion = 10.0.40219.1
Project("{2150E333-8FDC-42A3-9474-1A3956D46DE8}") = "src", "src", "{27EFF2B8-1D01-46C0-BF81-D3B4E3083733}"
EndProject
Project("{2150E333-8FDC-42A3-9474-1A3956D46DE8}") = "CategoryService", "CategoryService", "{EC3DE3B0-C8CE-4793-ACE6-534D3BB8888D}"
EndProject
Project("{2150E333-8FDC-42A3-9474-1A3956D46DE8}") = "ProductService", "ProductService", "{03D6DD9D-9D40-476E-A84A-00D2394ACA78}"
EndProject
Project("{2150E333-8FDC-42A3-9474-1A3956D46DE8}") = "CartService", "CartService", "{5A4143F0-3114-4AB5-910C-EBE9B969C3F6}"
EndProject
Project("{2150E333-8FDC-42A3-9474-1A3956D46DE8}") = "UserService", "UserService", "{168C41FF-24E5-4DE0-AFD1-F921527A8548}"
EndProject
Project("{9A19103F-16F7-4668-BE54-9A1E7A4F7556}") = "Cart-Api", "..\Cart-Api\Cart-Api.csproj", "{6FB43530-68FA-475B-84B2-DB0FC4619C8A}"
EndProject
Project("{9A19103F-16F7-4668-BE54-9A1E7A4F7556}") = "Category-Api", "..\Category-Api\Category-Api.csproj", "{1A996CB1-8868-4C68-BDA9-A19652ADC792}"
EndProject
Project("{9A19103F-16F7-4668-BE54-9A1E7A4F7556}") = "Product-Api", "..\Product-Api\Product-Api.csproj", "{941DC4F4-F484-4EC1-AC51-A6DD9B05DB48}"
EndProject
Project("{9A19103F-16F7-4668-BE54-9A1E7A4F7556}") = "User-Api", "..\User-Api\User-Api.csproj", "{E1AE63BC-8E97-46D6-A0B2-3E6E2F1131F3}"
EndProject
Global
	GlobalSection(SolutionConfigurationPlatforms) = preSolution
		Debug|Any CPU = Debug|Any CPU
		Release|Any CPU = Release|Any CPU
	EndGlobalSection
	GlobalSection(ProjectConfigurationPlatforms) = postSolution
		{6FB43530-68FA-475B-84B2-DB0FC4619C8A}.Debug|Any CPU.ActiveCfg = Debug|Any CPU
		{6FB43530-68FA-475B-84B2-DB0FC4619C8A}.Debug|Any CPU.Build.0 = Debug|Any CPU
		{6FB43530-68FA-475B-84B2-DB0FC4619C8A}.Release|Any CPU.ActiveCfg = Release|Any CPU
		{6FB43530-68FA-475B-84B2-DB0FC4619C8A}.Release|Any CPU.Build.0 = Release|Any CPU
		{1A996CB1-8868-4C68-BDA9-A19652ADC792}.Debug|Any CPU.ActiveCfg = Debug|Any CPU
		{1A996CB1-8868-4C68-BDA9-A19652ADC792}.Debug|Any CPU.Build.0 = Debug|Any CPU
		{1A996CB1-8868-4C68-BDA9-A19652ADC792}.Release|Any CPU.ActiveCfg = Release|Any CPU
		{1A996CB1-8868-4C68-BDA9-A19652ADC792}.Release|Any CPU.Build.0 = Release|Any CPU
		{941DC4F4-F484-4EC1-AC51-A6DD9B05DB48}.Debug|Any CPU.ActiveCfg = Debug|Any CPU
		{941DC4F4-F484-4EC1-AC51-A6DD9B05DB48}.Debug|Any CPU.Build.0 = Debug|Any CPU
		{941DC4F4-F484-4EC1-AC51-A6DD9B05DB48}.Release|Any CPU.ActiveCfg = Release|Any CPU
		{941DC4F4-F484-4EC1-AC51-A6DD9B05DB48}.Release|Any CPU.Build.0 = Release|Any CPU
		{E1AE63BC-8E97-46D6-A0B2-3E6E2F1131F3}.Debug|Any CPU.ActiveCfg = Debug|Any CPU
		{E1AE63BC-8E97-46D6-A0B2-3E6E2F1131F3}.Debug|Any CPU.Build.0 = Debug|Any CPU
		{E1AE63BC-8E97-46D6-A0B2-3E6E2F1131F3}.Release|Any CPU.ActiveCfg = Release|Any CPU
		{E1AE63BC-8E97-46D6-A0B2-3E6E2F1131F3}.Release|Any CPU.Build.0 = Release|Any CPU
	EndGlobalSection
	GlobalSection(SolutionProperties) = preSolution
		HideSolutionNode = FALSE
	EndGlobalSection
	GlobalSection(NestedProjects) = preSolution
		{EC3DE3B0-C8CE-4793-ACE6-534D3BB8888D} = {27EFF2B8-1D01-46C0-BF81-D3B4E3083733}
		{03D6DD9D-9D40-476E-A84A-00D2394ACA78} = {27EFF2B8-1D01-46C0-BF81-D3B4E3083733}
		{5A4143F0-3114-4AB5-910C-EBE9B969C3F6} = {27EFF2B8-1D01-46C0-BF81-D3B4E3083733}
		{168C41FF-24E5-4DE0-AFD1-F921527A8548} = {27EFF2B8-1D01-46C0-BF81-D3B4E3083733}
		{6FB43530-68FA-475B-84B2-DB0FC4619C8A} = {5A4143F0-3114-4AB5-910C-EBE9B969C3F6}
		{1A996CB1-8868-4C68-BDA9-A19652ADC792} = {EC3DE3B0-C8CE-4793-ACE6-534D3BB8888D}
		{941DC4F4-F484-4EC1-AC51-A6DD9B05DB48} = {03D6DD9D-9D40-476E-A84A-00D2394ACA78}
		{E1AE63BC-8E97-46D6-A0B2-3E6E2F1131F3} = {168C41FF-24E5-4DE0-AFD1-F921527A8548}
	EndGlobalSection
	GlobalSection(ExtensibilityGlobals) = postSolution
		SolutionGuid = {10E582FA-464F-46A2-926E-3D54B424FB2D}
	EndGlobalSection
EndGlobal
